{
  "name": "mysql-docker",
  "lockfileVersion": 2,
  "requires": true,
  "packages": {
    "": {
      "dependencies": {
        "pbkdf2-password": "^1.2.1"
      }
    },
    "node_modules/fastfall": {
      "version": "1.5.1",
      "resolved": "https://registry.npmjs.org/fastfall/-/fastfall-1.5.1.tgz",
      "integrity": "sha1-P+4DMxpJ0dObPN96XpzWb0dee5Q=",
      "dependencies": {
        "reusify": "^1.0.0"
      },
      "engines": {
        "node": ">=0.10.0"
      }
    },
    "node_modules/pbkdf2-password": {
      "version": "1.2.1",
      "resolved": "https://registry.npmjs.org/pbkdf2-password/-/pbkdf2-password-1.2.1.tgz",
      "integrity": "sha1-n3RROhVf041Na1yEFNOVXdJspu4=",
      "dependencies": {
        "fastfall": "^1.2.3"
      }
    },
    "node_modules/reusify": {
      "version": "1.0.4",
      "resolved": "https://registry.npmjs.org/reusify/-/reusify-1.0.4.tgz",
      "integrity": "sha512-U9nH88a3fc/ekCF1l0/UP1IosiuIjyTh7hBvXVMHYgVcfGvt897Xguj2UOLDeI5BG2m7/uwyaLVT6fbtCwTyzw==",
      "engines": {
        "iojs": ">=1.0.0",
        "node": ">=0.10.0"
      }
    }
  },
  "dependencies": {
    "fastfall": {
      "version": "1.5.1",
      "resolved": "https://registry.npmjs.org/fastfall/-/fastfall-1.5.1.tgz",
      "integrity": "sha1-P+4DMxpJ0dObPN96XpzWb0dee5Q=",
      "requires": {
        "reusify": "^1.0.0"
      }
    },
    "pbkdf2-password": {
      "version": "1.2.1",
      "resolved": "https://registry.npmjs.org/pbkdf2-password/-/pbkdf2-password-1.2.1.tgz",
      "integrity": "sha1-n3RROhVf041Na1yEFNOVXdJspu4=",
      "requires": {
        "fastfall": "^1.2.3"
      }
    },
    "reusify": {
      "version": "1.0.4",
      "resolved": "https://registry.npmjs.org/reusify/-/reusify-1.0.4.tgz",
      "integrity": "sha512-U9nH88a3fc/ekCF1l0/UP1IosiuIjyTh7hBvXVMHYgVcfGvt897Xguj2UOLDeI5BG2m7/uwyaLVT6fbtCwTyzw=="
    }
  }
}
